
Microsoft Visual Studio Solution File, Format Version 12.00
# Visual Studio Version 16
VisualStudioVersion = 16.0.30413.136
MinimumVisualStudioVersion = 10.0.40219.1
Project("{FAE04EC0-301F-11D3-BF4B-00C04F79EFBC}") = "RandomStudent", "RandomStudent.csproj", "{AD385FEF-0415-4FF1-B318-5615F6AA6510}"
EndProject
Global
	GlobalSection(SolutionConfigurationPlatforms) = preSolution
		Debug|Any CPU = Debug|Any CPU
		Release|Any CPU = Release|Any CPU
	EndGlobalSection
	GlobalSection(ProjectConfigurationPlatforms) = postSolution
		{AD385FEF-0415-4FF1-B318-5615F6AA6510}.Debug|Any CPU.ActiveCfg = Debug|Any CPU
		{AD385FEF-0415-4FF1-B318-5615F6AA6510}.Debug|Any CPU.Build.0 = Debug|Any CPU
		{AD385FEF-0415-4FF1-B318-5615F6AA6510}.Release|Any CPU.ActiveCfg = Release|Any CPU
		{AD385FEF-0415-4FF1-B318-5615F6AA6510}.Release|Any CPU.Build.0 = Release|Any CPU
	EndGlobalSection
	GlobalSection(SolutionProperties) = preSolution
		HideSolutionNode = FALSE
	EndGlobalSection
	GlobalSection(ExtensibilityGlobals) = postSolution
		SolutionGuid = {505DB913-BA7E-46B9-A444-852FE9F0F214}
	EndGlobalSection
EndGlobal
